
Microsoft Visual Studio Solution File, Format Version 12.00
# Visual Studio Version 17
VisualStudioVersion = 17.4.33122.133
MinimumVisualStudioVersion = 10.0.40219.1
Project("{FAE04EC0-301F-11D3-BF4B-00C04F79EFBC}") = "IR-MALDESI.Databasing", "IR-MALDESI-MS.Databasing\IR-MALDESI.Databasing.csproj", "{D213E91D-89AB-4CE7-8DC6-3709A1A98555}"
EndProject
Project("{FAE04EC0-301F-11D3-BF4B-00C04F79EFBC}") = "IR-MALDESI.Browser", "IR-MALDESI-MS.Browser\IR-MALDESI.Browser.csproj", "{97E34AD8-D537-4D4C-8EF6-0F2EBDB5D082}"
EndProject
Global
	GlobalSection(SolutionConfigurationPlatforms) = preSolution
		Debug|Any CPU = Debug|Any CPU
		Release|Any CPU = Release|Any CPU
	EndGlobalSection
	GlobalSection(ProjectConfigurationPlatforms) = postSolution
		{D213E91D-89AB-4CE7-8DC6-3709A1A98555}.Debug|Any CPU.ActiveCfg = Debug|Any CPU
		{D213E91D-89AB-4CE7-8DC6-3709A1A98555}.Debug|Any CPU.Build.0 = Debug|Any CPU
		{D213E91D-89AB-4CE7-8DC6-3709A1A98555}.Release|Any CPU.ActiveCfg = Release|Any CPU
		{D213E91D-89AB-4CE7-8DC6-3709A1A98555}.Release|Any CPU.Build.0 = Release|Any CPU
		{97E34AD8-D537-4D4C-8EF6-0F2EBDB5D082}.Debug|Any CPU.ActiveCfg = Debug|Any CPU
		{97E34AD8-D537-4D4C-8EF6-0F2EBDB5D082}.Debug|Any CPU.Build.0 = Debug|Any CPU
		{97E34AD8-D537-4D4C-8EF6-0F2EBDB5D082}.Release|Any CPU.ActiveCfg = Release|Any CPU
		{97E34AD8-D537-4D4C-8EF6-0F2EBDB5D082}.Release|Any CPU.Build.0 = Release|Any CPU
	EndGlobalSection
	GlobalSection(SolutionProperties) = preSolution
		HideSolutionNode = FALSE
	EndGlobalSection
	GlobalSection(ExtensibilityGlobals) = postSolution
		SolutionGuid = {325491A3-920D-4A1A-AB63-B2720B33FFA6}
	EndGlobalSection
EndGlobal
